
Microsoft Visual Studio Solution File, Format Version 12.00
# Visual Studio Express 15 for Windows Desktop
VisualStudioVersion = 15.0.28307.779
MinimumVisualStudioVersion = 10.0.40219.1
Project("{FAE04EC0-301F-11D3-BF4B-00C04F79EFBC}") = "EOM_v3_M", "EOM_v3_M\EOM_v3_M.csproj", "{AD29A29C-72D9-4B31-896C-456C55CA12F0}"
EndProject
Project("{FAE04EC0-301F-11D3-BF4B-00C04F79EFBC}") = "EOM_v3_P", "EOM_v3_P\EOM_v3_P.csproj", "{195C7A18-628E-4CAF-8730-136D1A788B3B}"
EndProject
Global
	GlobalSection(SolutionConfigurationPlatforms) = preSolution
		Debug|Any CPU = Debug|Any CPU
		Release|Any CPU = Release|Any CPU
	EndGlobalSection
	GlobalSection(ProjectConfigurationPlatforms) = postSolution
		{AD29A29C-72D9-4B31-896C-456C55CA12F0}.Debug|Any CPU.ActiveCfg = Debug|Any CPU
		{AD29A29C-72D9-4B31-896C-456C55CA12F0}.Debug|Any CPU.Build.0 = Debug|Any CPU
		{AD29A29C-72D9-4B31-896C-456C55CA12F0}.Release|Any CPU.ActiveCfg = Release|Any CPU
		{AD29A29C-72D9-4B31-896C-456C55CA12F0}.Release|Any CPU.Build.0 = Release|Any CPU
		{195C7A18-628E-4CAF-8730-136D1A788B3B}.Debug|Any CPU.ActiveCfg = Debug|Any CPU
		{195C7A18-628E-4CAF-8730-136D1A788B3B}.Debug|Any CPU.Build.0 = Debug|Any CPU
		{195C7A18-628E-4CAF-8730-136D1A788B3B}.Release|Any CPU.ActiveCfg = Release|Any CPU
		{195C7A18-628E-4CAF-8730-136D1A788B3B}.Release|Any CPU.Build.0 = Release|Any CPU
	EndGlobalSection
	GlobalSection(SolutionProperties) = preSolution
		HideSolutionNode = FALSE
	EndGlobalSection
	GlobalSection(ExtensibilityGlobals) = postSolution
		SolutionGuid = {814BC4F7-906D-4F3E-9864-40DF584FD3DD}
	EndGlobalSection
EndGlobal
